// !$*UTF8*$!
{
	archiveVersion = 1;
	classes = {
	};
	objectVersion = 56;
	objects = {

/* Begin PBXBuildFile section */
		2340980C186D7BEB86B22210 /* Pods_QuizApp.framework in Frameworks */ = {isa = PBXBuildFile; fileRef = 3295F1DD31E9016471EB97EC /* Pods_QuizApp.framework */; };
		8B40E6F229F96FD1006DC397 /* AppDelegate.swift in Sources */ = {isa = PBXBuildFile; fileRef = 8B40E6F129F96FD1006DC397 /* AppDelegate.swift */; };
		8B40E6F429F96FD1006DC397 /* SceneDelegate.swift in Sources */ = {isa = PBXBuildFile; fileRef = 8B40E6F329F96FD1006DC397 /* SceneDelegate.swift */; };
		8B40E6F629F96FD1006DC397 /* ViewController.swift in Sources */ = {isa = PBXBuildFile; fileRef = 8B40E6F529F96FD1006DC397 /* ViewController.swift */; };
		8B40E6F929F96FD1006DC397 /* Main.storyboard in Resources */ = {isa = PBXBuildFile; fileRef = 8B40E6F729F96FD1006DC397 /* Main.storyboard */; };
		8B40E6FB29F96FD2006DC397 /* Assets.xcassets in Resources */ = {isa = PBXBuildFile; fileRef = 8B40E6FA29F96FD2006DC397 /* Assets.xcassets */; };
		8B40E6FE29F96FD2006DC397 /* LaunchScreen.storyboard in Resources */ = {isa = PBXBuildFile; fileRef = 8B40E6FC29F96FD2006DC397 /* LaunchScreen.storyboard */; };
		8B7259242A2635C300FB10A6 /* AddQuestionViewController.swift in Sources */ = {isa = PBXBuildFile; fileRef = 8B7259232A2635C300FB10A6 /* AddQuestionViewController.swift */; };
		8B81A1BC2A12388C005047AA /* C.swift in Sources */ = {isa = PBXBuildFile; fileRef = 8B81A1BB2A12388C005047AA /* C.swift */; };
		8BAE2FF12A0E275200E89A81 /* GoogleService-Info.plist in Resources */ = {isa = PBXBuildFile; fileRef = 8BAE2FF02A0E275200E89A81 /* GoogleService-Info.plist */; };
		8BB08CFB2A20E52400133950 /* ScoreViewController.swift in Sources */ = {isa = PBXBuildFile; fileRef = 8BB08CFA2A20E52400133950 /* ScoreViewController.swift */; };
		8BB81E3B2A1005B600CACE5B /* RegisterViewController.swift in Sources */ = {isa = PBXBuildFile; fileRef = 8BB81E3A2A1005B600CACE5B /* RegisterViewController.swift */; };
		8BB81E3D2A100D5000CACE5B /* CategoryViewController.swift in Sources */ = {isa = PBXBuildFile; fileRef = 8BB81E3C2A100D5000CACE5B /* CategoryViewController.swift */; };
		8BB81E3F2A10224500CACE5B /* LoginViewController.swift in Sources */ = {isa = PBXBuildFile; fileRef = 8BB81E3E2A10224500CACE5B /* LoginViewController.swift */; };
		8BB9FD452A14EA73002B2FAD /* QuestionViewController.swift in Sources */ = {isa = PBXBuildFile; fileRef = 8BB9FD442A14EA73002B2FAD /* QuestionViewController.swift */; };
		8BB9FD472A14EDD5002B2FAD /* Question.swift in Sources */ = {isa = PBXBuildFile; fileRef = 8BB9FD462A14EDD5002B2FAD /* Question.swift */; };
		8BBEA4AD2A1CF3D400F40422 /* User.swift in Sources */ = {isa = PBXBuildFile; fileRef = 8BBEA4AC2A1CF3D400F40422 /* User.swift */; };
		8BFABAA72A13D633001C48A2 /* Category.swift in Sources */ = {isa = PBXBuildFile; fileRef = 8BFABAA62A13D633001C48A2 /* Category.swift */; };
/* End PBXBuildFile section */

/* Begin PBXFileReference section */
		0FD33A0EB53E1277CBAE1246 /* Pods-QuizApp.release.xcconfig */ = {isa = PBXFileReference; includeInIndex = 1; lastKnownFileType = text.xcconfig; name = "Pods-QuizApp.release.xcconfig"; path = "Target Support Files/Pods-QuizApp/Pods-QuizApp.release.xcconfig"; sourceTree = "<group>"; };
		3295F1DD31E9016471EB97EC /* Pods_QuizApp.framework */ = {isa = PBXFileReference; explicitFileType = wrapper.framework; includeInIndex = 0; path = Pods_QuizApp.framework; sourceTree = BUILT_PRODUCTS_DIR; };
		8B40E6EE29F96FD1006DC397 /* QuizApp.app */ = {isa = PBXFileReference; explicitFileType = wrapper.application; includeInIndex = 0; path = QuizApp.app; sourceTree = BUILT_PRODUCTS_DIR; };
		8B40E6F129F96FD1006DC397 /* AppDelegate.swift */ = {isa = PBXFileReference; lastKnownFileType = sourcecode.swift; path = AppDelegate.swift; sourceTree = "<group>"; };
		8B40E6F329F96FD1006DC397 /* SceneDelegate.swift */ = {isa = PBXFileReference; lastKnownFileType = sourcecode.swift; path = SceneDelegate.swift; sourceTree = "<group>"; };
		8B40E6F529F96FD1006DC397 /* ViewController.swift */ = {isa = PBXFileReference; lastKnownFileType = sourcecode.swift; path = ViewController.swift; sourceTree = "<group>"; };
		8B40E6F829F96FD1006DC397 /* Base */ = {isa = PBXFileReference; lastKnownFileType = file.storyboard; name = Base; path = Base.lproj/Main.storyboard; sourceTree = "<group>"; };
		8B40E6FA29F96FD2006DC397 /* Assets.xcassets */ = {isa = PBXFileReference; lastKnownFileType = folder.assetcatalog; path = Assets.xcassets; sourceTree = "<group>"; };
		8B40E6FD29F96FD2006DC397 /* Base */ = {isa = PBXFileReference; lastKnownFileType = file.storyboard; name = Base; path = Base.lproj/LaunchScreen.storyboard; sourceTree = "<group>"; };
		8B40E6FF29F96FD2006DC397 /* Info.plist */ = {isa = PBXFileReference; lastKnownFileType = text.plist.xml; path = Info.plist; sourceTree = "<group>"; };
		8B7259232A2635C300FB10A6 /* AddQuestionViewController.swift */ = {isa = PBXFileReference; lastKnownFileType = sourcecode.swift; path = AddQuestionViewController.swift; sourceTree = "<group>"; };
		8B81A1BB2A12388C005047AA /* C.swift */ = {isa = PBXFileReference; lastKnownFileType = sourcecode.swift; path = C.swift; sourceTree = "<group>"; };
		8BAE2FF02A0E275200E89A81 /* GoogleService-Info.plist */ = {isa = PBXFileReference; fileEncoding = 4; lastKnownFileType = text.plist.xml; path = "GoogleService-Info.plist"; sourceTree = "<group>"; };
		8BB08CFA2A20E52400133950 /* ScoreViewController.swift */ = {isa = PBXFileReference; lastKnownFileType = sourcecode.swift; path = ScoreViewController.swift; sourceTree = "<group>"; };
		8BB81E3A2A1005B600CACE5B /* RegisterViewController.swift */ = {isa = PBXFileReference; lastKnownFileType = sourcecode.swift; path = RegisterViewController.swift; sourceTree = "<group>"; };
		8BB81E3C2A100D5000CACE5B /* CategoryViewController.swift */ = {isa = PBXFileReference; lastKnownFileType = sourcecode.swift; path = CategoryViewController.swift; sourceTree = "<group>"; };
		8BB81E3E2A10224500CACE5B /* LoginViewController.swift */ = {isa = PBXFileReference; lastKnownFileType = sourcecode.swift; path = LoginViewController.swift; sourceTree = "<group>"; };
		8BB9FD442A14EA73002B2FAD /* QuestionViewController.swift */ = {isa = PBXFileReference; lastKnownFileType = sourcecode.swift; path = QuestionViewController.swift; sourceTree = "<group>"; };
		8BB9FD462A14EDD5002B2FAD /* Question.swift */ = {isa = PBXFileReference; lastKnownFileType = sourcecode.swift; path = Question.swift; sourceTree = "<group>"; };
		8BBEA4AC2A1CF3D400F40422 /* User.swift */ = {isa = PBXFileReference; lastKnownFileType = sourcecode.swift; path = User.swift; sourceTree = "<group>"; };
		8BFABAA62A13D633001C48A2 /* Category.swift */ = {isa = PBXFileReference; lastKnownFileType = sourcecode.swift; path = Category.swift; sourceTree = "<group>"; };
		A222D1014F7FB10077431E39 /* Pods-QuizApp.debug.xcconfig */ = {isa = PBXFileReference; includeInIndex = 1; lastKnownFileType = text.xcconfig; name = "Pods-QuizApp.debug.xcconfig"; path = "Target Support Files/Pods-QuizApp/Pods-QuizApp.debug.xcconfig"; sourceTree = "<group>"; };
/* End PBXFileReference section */

/* Begin PBXFrameworksBuildPhase section */
		8B40E6EB29F96FD1006DC397 /* Frameworks */ = {
			isa = PBXFrameworksBuildPhase;
			buildActionMask = 2147483647;
			files = (
				2340980C186D7BEB86B22210 /* Pods_QuizApp.framework in Frameworks */,
			);
			runOnlyForDeploymentPostprocessing = 0;
		};
/* End PBXFrameworksBuildPhase section */

/* Begin PBXGroup section */
		8B40E6E529F96FD1006DC397 = {
			isa = PBXGroup;
			children = (
				8B40E6F029F96FD1006DC397 /* QuizApp */,
				8B40E6EF29F96FD1006DC397 /* Products */,
				DFDF89CA1A21141B82BD993A /* Pods */,
				9E4182923258FB3E6F40EB70 /* Frameworks */,
			);
			sourceTree = "<group>";
		};
		8B40E6EF29F96FD1006DC397 /* Products */ = {
			isa = PBXGroup;
			children = (
				8B40E6EE29F96FD1006DC397 /* QuizApp.app */,
			);
			name = Products;
			sourceTree = "<group>";
		};
		8B40E6F029F96FD1006DC397 /* QuizApp */ = {
			isa = PBXGroup;
			children = (
				8B40E6F129F96FD1006DC397 /* AppDelegate.swift */,
				8B40E6F329F96FD1006DC397 /* SceneDelegate.swift */,
				8BFABAA82A13D639001C48A2 /* Model */,
				8B40E70629F97038006DC397 /* Controller */,
				8B40E70529F9702F006DC397 /* View */,
				8B40E6FA29F96FD2006DC397 /* Assets.xcassets */,
				8BAE2FF02A0E275200E89A81 /* GoogleService-Info.plist */,
				8B40E6FC29F96FD2006DC397 /* LaunchScreen.storyboard */,
				8B40E6FF29F96FD2006DC397 /* Info.plist */,
				8B81A1BB2A12388C005047AA /* C.swift */,
			);
			path = QuizApp;
			sourceTree = "<group>";
		};
		8B40E70529F9702F006DC397 /* View */ = {
			isa = PBXGroup;
			children = (
				8B40E6F729F96FD1006DC397 /* Main.storyboard */,
			);
			path = View;
			sourceTree = "<group>";
		};
		8B40E70629F97038006DC397 /* Controller */ = {
			isa = PBXGroup;
			children = (
				8B40E6F529F96FD1006DC397 /* ViewController.swift */,
				8BB81E3A2A1005B600CACE5B /* RegisterViewController.swift */,
				8BB81E3C2A100D5000CACE5B /* CategoryViewController.swift */,
				8BB81E3E2A10224500CACE5B /* LoginViewController.swift */,
				8BB9FD442A14EA73002B2FAD /* QuestionViewController.swift */,
				8BB08CFA2A20E52400133950 /* ScoreViewController.swift */,
				8B7259232A2635C300FB10A6 /* AddQuestionViewController.swift */,
			);
			path = Controller;
			sourceTree = "<group>";
		};
		8BFABAA82A13D639001C48A2 /* Model */ = {
			isa = PBXGroup;
			children = (
				8BFABAA62A13D633001C48A2 /* Category.swift */,
				8BB9FD462A14EDD5002B2FAD /* Question.swift */,
				8BBEA4AC2A1CF3D400F40422 /* User.swift */,
			);
			path = Model;
			sourceTree = "<group>";
		};
		9E4182923258FB3E6F40EB70 /* Frameworks */ = {
			isa = PBXGroup;
			children = (
				3295F1DD31E9016471EB97EC /* Pods_QuizApp.framework */,
			);
			name = Frameworks;
			sourceTree = "<group>";
		};
		DFDF89CA1A21141B82BD993A /* Pods */ = {
			isa = PBXGroup;
			children = (
				A222D1014F7FB10077431E39 /* Pods-QuizApp.debug.xcconfig */,
				0FD33A0EB53E1277CBAE1246 /* Pods-QuizApp.release.xcconfig */,
			);
			path = Pods;
			sourceTree = "<group>";
		};
/* End PBXGroup section */

/* Begin PBXNativeTarget section */
		8B40E6ED29F96FD1006DC397 /* QuizApp */ = {
			isa = PBXNativeTarget;
			buildConfigurationList = 8B40E70229F96FD2006DC397 /* Build configuration list for PBXNativeTarget "QuizApp" */;
			buildPhases = (
				619959D65795B5B7AE9CEA1A /* [CP] Check Pods Manifest.lock */,
				8B40E6EA29F96FD1006DC397 /* Sources */,
				8B40E6EB29F96FD1006DC397 /* Frameworks */,
				8B40E6EC29F96FD1006DC397 /* Resources */,
				FB94312AD62F4CB429EDCF24 /* [CP] Embed Pods Frameworks */,
			);
			buildRules = (
			);
			dependencies = (
			);
			name = QuizApp;
			productName = QuizApp;
			productReference = 8B40E6EE29F96FD1006DC397 /* QuizApp.app */;
			productType = "com.apple.product-type.application";
		};
/* End PBXNativeTarget section */

/* Begin PBXProject section */
		8B40E6E629F96FD1006DC397 /* Project object */ = {
			isa = PBXProject;
			attributes = {
				BuildIndependentTargetsInParallel = 1;
				LastSwiftUpdateCheck = 1420;
				LastUpgradeCheck = 1420;
				TargetAttributes = {
					8B40E6ED29F96FD1006DC397 = {
						CreatedOnToolsVersion = 14.2;
					};
				};
			};
			buildConfigurationList = 8B40E6E929F96FD1006DC397 /* Build configuration list for PBXProject "QuizApp" */;
			compatibilityVersion = "Xcode 14.0";
			developmentRegion = en;
			hasScannedForEncodings = 0;
			knownRegions = (
				en,
				Base,
			);
			mainGroup = 8B40E6E529F96FD1006DC397;
			productRefGroup = 8B40E6EF29F96FD1006DC397 /* Products */;
			projectDirPath = "";
			projectRoot = "";
			targets = (
				8B40E6ED29F96FD1006DC397 /* QuizApp */,
			);
		};
/* End PBXProject section */

/* Begin PBXResourcesBuildPhase section */
		8B40E6EC29F96FD1006DC397 /* Resources */ = {
			isa = PBXResourcesBuildPhase;
			buildActionMask = 2147483647;
			files = (
				8B40E6FE29F96FD2006DC397 /* LaunchScreen.storyboard in Resources */,
				8BAE2FF12A0E275200E89A81 /* GoogleService-Info.plist in Resources */,
				8B40E6FB29F96FD2006DC397 /* Assets.xcassets in Resources */,
				8B40E6F929F96FD1006DC397 /* Main.storyboard in Resources */,
			);
			runOnlyForDeploymentPostprocessing = 0;
		};
/* End PBXResourcesBuildPhase section */

/* Begin PBXShellScriptBuildPhase section */
		619959D65795B5B7AE9CEA1A /* [CP] Check Pods Manifest.lock */ = {
			isa = PBXShellScriptBuildPhase;
			buildActionMask = 2147483647;
			files = (
			);
			inputFileListPaths = (
			);
			inputPaths = (
				"${PODS_PODFILE_DIR_PATH}/Podfile.lock",
				"${PODS_ROOT}/Manifest.lock",
			);
			name = "[CP] Check Pods Manifest.lock";
			outputFileListPaths = (
			);
			outputPaths = (
				"$(DERIVED_FILE_DIR)/Pods-QuizApp-checkManifestLockResult.txt",
			);
			runOnlyForDeploymentPostprocessing = 0;
			shellPath = /bin/sh;
			shellScript = "diff \"${PODS_PODFILE_DIR_PATH}/Podfile.lock\" \"${PODS_ROOT}/Manifest.lock\" > /dev/null\nif [ $? != 0 ] ; then\n    # print error to STDERR\n    echo \"error: The sandbox is not in sync with the Podfile.lock. Run 'pod install' or update your CocoaPods installation.\" >&2\n    exit 1\nfi\n# This output is used by Xcode 'outputs' to avoid re-running this script phase.\necho \"SUCCESS\" > \"${SCRIPT_OUTPUT_FILE_0}\"\n";
			showEnvVarsInLog = 0;
		};
		FB94312AD62F4CB429EDCF24 /* [CP] Embed Pods Frameworks */ = {
			isa = PBXShellScriptBuildPhase;
			buildActionMask = 2147483647;
			files = (
			);
			inputFileListPaths = (
				"${PODS_ROOT}/Target Support Files/Pods-QuizApp/Pods-QuizApp-frameworks-${CONFIGURATION}-input-files.xcfilelist",
			);
			name = "[CP] Embed Pods Frameworks";
			outputFileListPaths = (
				"${PODS_ROOT}/Target Support Files/Pods-QuizApp/Pods-QuizApp-frameworks-${CONFIGURATION}-output-files.xcfilelist",
			);
			runOnlyForDeploymentPostprocessing = 0;
			shellPath = /bin/sh;
			shellScript = "\"${PODS_ROOT}/Target Support Files/Pods-QuizApp/Pods-QuizApp-frameworks.sh\"\n";
			showEnvVarsInLog = 0;
		};
/* End PBXShellScriptBuildPhase section */

/* Begin PBXSourcesBuildPhase section */
		8B40E6EA29F96FD1006DC397 /* Sources */ = {
			isa = PBXSourcesBuildPhase;
			buildActionMask = 2147483647;
			files = (
				8BB81E3F2A10224500CACE5B /* LoginViewController.swift in Sources */,
				8BB81E3D2A100D5000CACE5B /* CategoryViewController.swift in Sources */,
				8B40E6F629F96FD1006DC397 /* ViewController.swift in Sources */,
				8B40E6F229F96FD1006DC397 /* AppDelegate.swift in Sources */,
				8B81A1BC2A12388C005047AA /* C.swift in Sources */,
				8BB9FD472A14EDD5002B2FAD /* Question.swift in Sources */,
				8B40E6F429F96FD1006DC397 /* SceneDelegate.swift in Sources */,
				8BB9FD452A14EA73002B2FAD /* QuestionViewController.swift in Sources */,
				8BB81E3B2A1005B600CACE5B /* RegisterViewController.swift in Sources */,
				8B7259242A2635C300FB10A6 /* AddQuestionViewController.swift in Sources */,
				8BFABAA72A13D633001C48A2 /* Category.swift in Sources */,
				8BBEA4AD2A1CF3D400F40422 /* User.swift in Sources */,
				8BB08CFB2A20E52400133950 /* ScoreViewController.swift in Sources */,
			);
			runOnlyForDeploymentPostprocessing = 0;
		};
/* End PBXSourcesBuildPhase section */

/* Begin PBXVariantGroup section */
		8B40E6F729F96FD1006DC397 /* Main.storyboard */ = {
			isa = PBXVariantGroup;
			children = (
				8B40E6F829F96FD1006DC397 /* Base */,
			);
			name = Main.storyboard;
			sourceTree = "<group>";
		};
		8B40E6FC29F96FD2006DC397 /* LaunchScreen.storyboard */ = {
			isa = PBXVariantGroup;
			children = (
				8B40E6FD29F96FD2006DC397 /* Base */,
			);
			name = LaunchScreen.storyboard;
			sourceTree = "<group>";
		};
/* End PBXVariantGroup section */

/* Begin XCBuildConfiguration section */
		8B40E70029F96FD2006DC397 /* Debug */ = {
			isa = XCBuildConfiguration;
			buildSettings = {
				ALWAYS_SEARCH_USER_PATHS = NO;
				CLANG_ANALYZER_NONNULL = YES;
				CLANG_ANALYZER_NUMBER_OBJECT_CONVERSION = YES_AGGRESSIVE;
				CLANG_CXX_LANGUAGE_STANDARD = "gnu++20";
				CLANG_ENABLE_MODULES = YES;
				CLANG_ENABLE_OBJC_ARC = YES;
				CLANG_ENABLE_OBJC_WEAK = YES;
				CLANG_WARN_BLOCK_CAPTURE_AUTORELEASING = YES;
				CLANG_WARN_BOOL_CONVERSION = YES;
				CLANG_WARN_COMMA = YES;
				CLANG_WARN_CONSTANT_CONVERSION = YES;
				CLANG_WARN_DEPRECATED_OBJC_IMPLEMENTATIONS = YES;
				CLANG_WARN_DIRECT_OBJC_ISA_USAGE = YES_ERROR;
				CLANG_WARN_DOCUMENTATION_COMMENTS = YES;
				CLANG_WARN_EMPTY_BODY = YES;
				CLANG_WARN_ENUM_CONVERSION = YES;
				CLANG_WARN_INFINITE_RECURSION = YES;
				CLANG_WARN_INT_CONVERSION = YES;
				CLANG_WARN_NON_LITERAL_NULL_CONVERSION = YES;
				CLANG_WARN_OBJC_IMPLICIT_RETAIN_SELF = YES;
				CLANG_WARN_OBJC_LITERAL_CONVERSION = YES;
				CLANG_WARN_OBJC_ROOT_CLASS = YES_ERROR;
				CLANG_WARN_QUOTED_INCLUDE_IN_FRAMEWORK_HEADER = YES;
				CLANG_WARN_RANGE_LOOP_ANALYSIS = YES;
				CLANG_WARN_STRICT_PROTOTYPES = YES;
				CLANG_WARN_SUSPICIOUS_MOVE = YES;
				CLANG_WARN_UNGUARDED_AVAILABILITY = YES_AGGRESSIVE;
				CLANG_WARN_UNREACHABLE_CODE = YES;
				CLANG_WARN__DUPLICATE_METHOD_MATCH = YES;
				COPY_PHASE_STRIP = NO;
				DEBUG_INFORMATION_FORMAT = dwarf;
				ENABLE_STRICT_OBJC_MSGSEND = YES;
				ENABLE_TESTABILITY = YES;
				GCC_C_LANGUAGE_STANDARD = gnu11;
				GCC_DYNAMIC_NO_PIC = NO;
				GCC_NO_COMMON_BLOCKS = YES;
				GCC_OPTIMIZATION_LEVEL = 0;
				GCC_PREPROCESSOR_DEFINITIONS = (
					"DEBUG=1",
					"$(inherited)",
				);
				GCC_WARN_64_TO_32_BIT_CONVERSION = YES;
				GCC_WARN_ABOUT_RETURN_TYPE = YES_ERROR;
				GCC_WARN_UNDECLARED_SELECTOR = YES;
				GCC_WARN_UNINITIALIZED_AUTOS = YES_AGGRESSIVE;
				GCC_WARN_UNUSED_FUNCTION = YES;
				GCC_WARN_UNUSED_VARIABLE = YES;
				IPHONEOS_DEPLOYMENT_TARGET = 16.2;
				MTL_ENABLE_DEBUG_INFO = INCLUDE_SOURCE;
				MTL_FAST_MATH = YES;
				ONLY_ACTIVE_ARCH = YES;
				SDKROOT = iphoneos;
				SWIFT_ACTIVE_COMPILATION_CONDITIONS = DEBUG;
				SWIFT_OPTIMIZATION_LEVEL = "-Onone";
			};
			name = Debug;
		};
		8B40E70129F96FD2006DC397 /* Release */ = {
			isa = XCBuildConfiguration;
			buildSettings = {
				ALWAYS_SEARCH_USER_PATHS = NO;
				CLANG_ANALYZER_NONNULL = YES;
				CLANG_ANALYZER_NUMBER_OBJECT_CONVERSION = YES_AGGRESSIVE;
				CLANG_CXX_LANGUAGE_STANDARD = "gnu++20";
				CLANG_ENABLE_MODULES = YES;
				CLANG_ENABLE_OBJC_ARC = YES;
				CLANG_ENABLE_OBJC_WEAK = YES;
				CLANG_WARN_BLOCK_CAPTURE_AUTORELEASING = YES;
				CLANG_WARN_BOOL_CONVERSION = YES;
				CLANG_WARN_COMMA = YES;
				CLANG_WARN_CONSTANT_CONVERSION = YES;
				CLANG_WARN_DEPRECATED_OBJC_IMPLEMENTATIONS = YES;
				CLANG_WARN_DIRECT_OBJC_ISA_USAGE = YES_ERROR;
				CLANG_WARN_DOCUMENTATION_COMMENTS = YES;
				CLANG_WARN_EMPTY_BODY = YES;
				CLANG_WARN_ENUM_CONVERSION = YES;
				CLANG_WARN_INFINITE_RECURSION = YES;
				CLANG_WARN_INT_CONVERSION = YES;
				CLANG_WARN_NON_LITERAL_NULL_CONVERSION = YES;
				CLANG_WARN_OBJC_IMPLICIT_RETAIN_SELF = YES;
				CLANG_WARN_OBJC_LITERAL_CONVERSION = YES;
				CLANG_WARN_OBJC_ROOT_CLASS = YES_ERROR;
				CLANG_WARN_QUOTED_INCLUDE_IN_FRAMEWORK_HEADER = YES;
				CLANG_WARN_RANGE_LOOP_ANALYSIS = YES;
				CLANG_WARN_STRICT_PROTOTYPES = YES;
				CLANG_WARN_SUSPICIOUS_MOVE = YES;
				CLANG_WARN_UNGUARDED_AVAILABILITY = YES_AGGRESSIVE;
				CLANG_WARN_UNREACHABLE_CODE = YES;
				CLANG_WARN__DUPLICATE_METHOD_MATCH = YES;
				COPY_PHASE_STRIP = NO;
				DEBUG_INFORMATION_FORMAT = "dwarf-with-dsym";
				ENABLE_NS_ASSERTIONS = NO;
				ENABLE_STRICT_OBJC_MSGSEND = YES;
				GCC_C_LANGUAGE_STANDARD = gnu11;
				GCC_NO_COMMON_BLOCKS = YES;
				GCC_WARN_64_TO_32_BIT_CONVERSION = YES;
				GCC_WARN_ABOUT_RETURN_TYPE = YES_ERROR;
				GCC_WARN_UNDECLARED_SELECTOR = YES;
				GCC_WARN_UNINITIALIZED_AUTOS = YES_AGGRESSIVE;
				GCC_WARN_UNUSED_FUNCTION = YES;
				GCC_WARN_UNUSED_VARIABLE = YES;
				IPHONEOS_DEPLOYMENT_TARGET = 16.2;
				MTL_ENABLE_DEBUG_INFO = NO;
				MTL_FAST_MATH = YES;
				SDKROOT = iphoneos;
				SWIFT_COMPILATION_MODE = wholemodule;
				SWIFT_OPTIMIZATION_LEVEL = "-O";
				VALIDATE_PRODUCT = YES;
			};
			name = Release;
		};
		8B40E70329F96FD2006DC397 /* Debug */ = {
			isa = XCBuildConfiguration;
			baseConfigurationReference = A222D1014F7FB10077431E39 /* Pods-QuizApp.debug.xcconfig */;
			buildSettings = {
				ASSETCATALOG_COMPILER_APPICON_NAME = AppIcon;
				ASSETCATALOG_COMPILER_GLOBAL_ACCENT_COLOR_NAME = AccentColor;
				CODE_SIGN_STYLE = Automatic;
				CURRENT_PROJECT_VERSION = 1;
				GENERATE_INFOPLIST_FILE = YES;
				INFOPLIST_FILE = QuizApp/Info.plist;
				INFOPLIST_KEY_UIApplicationSupportsIndirectInputEvents = YES;
				INFOPLIST_KEY_UILaunchStoryboardName = LaunchScreen;
				INFOPLIST_KEY_UIMainStoryboardFile = Main;
				INFOPLIST_KEY_UISupportedInterfaceOrientations_iPad = "UIInterfaceOrientationPortrait UIInterfaceOrientationPortraitUpsideDown UIInterfaceOrientationLandscapeLeft UIInterfaceOrientationLandscapeRight";
				INFOPLIST_KEY_UISupportedInterfaceOrientations_iPhone = "UIInterfaceOrientationPortrait UIInterfaceOrientationLandscapeLeft UIInterfaceOrientationLandscapeRight";
				LD_RUNPATH_SEARCH_PATHS = (
					"$(inherited)",
					"@executable_path/Frameworks",
				);
				MARKETING_VERSION = 1.0;
				PRODUCT_BUNDLE_IDENTIFIER = com.example.QuizApp;
				PRODUCT_NAME = "$(TARGET_NAME)";
				SWIFT_EMIT_LOC_STRINGS = YES;
				SWIFT_VERSION = 5.0;
				TARGETED_DEVICE_FAMILY = "1,2";
			};
			name = Debug;
		};
		8B40E70429F96FD2006DC397 /* Release */ = {
			isa = XCBuildConfiguration;
			baseConfigurationReference = 0FD33A0EB53E1277CBAE1246 /* Pods-QuizApp.release.xcconfig */;
			buildSettings = {
				ASSETCATALOG_COMPILER_APPICON_NAME = AppIcon;
				ASSETCATALOG_COMPILER_GLOBAL_ACCENT_COLOR_NAME = AccentColor;
				CODE_SIGN_STYLE = Automatic;
				CURRENT_PROJECT_VERSION = 1;
				GENERATE_INFOPLIST_FILE = YES;
				INFOPLIST_FILE = QuizApp/Info.plist;
				INFOPLIST_KEY_UIApplicationSupportsIndirectInputEvents = YES;
				INFOPLIST_KEY_UILaunchStoryboardName = LaunchScreen;
				INFOPLIST_KEY_UIMainStoryboardFile = Main;
				INFOPLIST_KEY_UISupportedInterfaceOrientations_iPad = "UIInterfaceOrientationPortrait UIInterfaceOrientationPortraitUpsideDown UIInterfaceOrientationLandscapeLeft UIInterfaceOrientationLandscapeRight";
				INFOPLIST_KEY_UISupportedInterfaceOrientations_iPhone = "UIInterfaceOrientationPortrait UIInterfaceOrientationLandscapeLeft UIInterfaceOrientationLandscapeRight";
				LD_RUNPATH_SEARCH_PATHS = (
					"$(inherited)",
					"@executable_path/Frameworks",
				);
				MARKETING_VERSION = 1.0;
				PRODUCT_BUNDLE_IDENTIFIER = com.example.QuizApp;
				PRODUCT_NAME = "$(TARGET_NAME)";
				SWIFT_EMIT_LOC_STRINGS = YES;
				SWIFT_VERSION = 5.0;
				TARGETED_DEVICE_FAMILY = "1,2";
			};
			name = Release;
		};
/* End XCBuildConfiguration section */

/* Begin XCConfigurationList section */
		8B40E6E929F96FD1006DC397 /* Build configuration list for PBXProject "QuizApp" */ = {
			isa = XCConfigurationList;
			buildConfigurations = (
				8B40E70029F96FD2006DC397 /* Debug */,
				8B40E70129F96FD2006DC397 /* Release */,
			);
			defaultConfigurationIsVisible = 0;
			defaultConfigurationName = Release;
		};
		8B40E70229F96FD2006DC397 /* Build configuration list for PBXNativeTarget "QuizApp" */ = {
			isa = XCConfigurationList;
			buildConfigurations = (
				8B40E70329F96FD2006DC397 /* Debug */,
				8B40E70429F96FD2006DC397 /* Release */,
			);
			defaultConfigurationIsVisible = 0;
			defaultConfigurationName = Release;
		};
/* End XCConfigurationList section */
	};
	rootObject = 8B40E6E629F96FD1006DC397 /* Project object */;
}
